
Microsoft Visual Studio Solution File, Format Version 12.00
# Visual Studio 15
VisualStudioVersion = 15.0.26124.0
MinimumVisualStudioVersion = 15.0.26124.0
Project("{2150E333-8FDC-42A3-9474-1A3956D46DE8}") = "01 - Testes de Unidade", "01 - Testes de Unidade", "{A9D049BE-042A-4A51-B11A-2E2A281FA344}"
EndProject
Project("{2150E333-8FDC-42A3-9474-1A3956D46DE8}") = "1.1 - Testes Basicos", "1.1 - Testes Basicos", "{BA3642EF-D504-4798-A110-C82F7FB9C551}"
EndProject
Project("{FAE04EC0-301F-11D3-BF4B-00C04F79EFBC}") = "Demo", "01 - Testes de Unidade\1.1 - Testes Basicos\Demo\Demo.csproj", "{5A8CD275-A703-4163-BFC2-EEB9046D877C}"
EndProject
Project("{FAE04EC0-301F-11D3-BF4B-00C04F79EFBC}") = "Demo.Tests", "01 - Testes de Unidade\1.1 - Testes Basicos\Demo.Tests\Demo.Tests.csproj", "{0473D275-B154-4C82-B281-F95E4E0EFE29}"
EndProject
Global
	GlobalSection(SolutionConfigurationPlatforms) = preSolution
		Debug|Any CPU = Debug|Any CPU
		Debug|x64 = Debug|x64
		Debug|x86 = Debug|x86
		Release|Any CPU = Release|Any CPU
		Release|x64 = Release|x64
		Release|x86 = Release|x86
	EndGlobalSection
	GlobalSection(SolutionProperties) = preSolution
		HideSolutionNode = FALSE
	EndGlobalSection
	GlobalSection(ProjectConfigurationPlatforms) = postSolution
		{5A8CD275-A703-4163-BFC2-EEB9046D877C}.Debug|Any CPU.ActiveCfg = Debug|Any CPU
		{5A8CD275-A703-4163-BFC2-EEB9046D877C}.Debug|Any CPU.Build.0 = Debug|Any CPU
		{5A8CD275-A703-4163-BFC2-EEB9046D877C}.Debug|x64.ActiveCfg = Debug|Any CPU
		{5A8CD275-A703-4163-BFC2-EEB9046D877C}.Debug|x64.Build.0 = Debug|Any CPU
		{5A8CD275-A703-4163-BFC2-EEB9046D877C}.Debug|x86.ActiveCfg = Debug|Any CPU
		{5A8CD275-A703-4163-BFC2-EEB9046D877C}.Debug|x86.Build.0 = Debug|Any CPU
		{5A8CD275-A703-4163-BFC2-EEB9046D877C}.Release|Any CPU.ActiveCfg = Release|Any CPU
		{5A8CD275-A703-4163-BFC2-EEB9046D877C}.Release|Any CPU.Build.0 = Release|Any CPU
		{5A8CD275-A703-4163-BFC2-EEB9046D877C}.Release|x64.ActiveCfg = Release|Any CPU
		{5A8CD275-A703-4163-BFC2-EEB9046D877C}.Release|x64.Build.0 = Release|Any CPU
		{5A8CD275-A703-4163-BFC2-EEB9046D877C}.Release|x86.ActiveCfg = Release|Any CPU
		{5A8CD275-A703-4163-BFC2-EEB9046D877C}.Release|x86.Build.0 = Release|Any CPU
		{0473D275-B154-4C82-B281-F95E4E0EFE29}.Debug|Any CPU.ActiveCfg = Debug|Any CPU
		{0473D275-B154-4C82-B281-F95E4E0EFE29}.Debug|Any CPU.Build.0 = Debug|Any CPU
		{0473D275-B154-4C82-B281-F95E4E0EFE29}.Debug|x64.ActiveCfg = Debug|Any CPU
		{0473D275-B154-4C82-B281-F95E4E0EFE29}.Debug|x64.Build.0 = Debug|Any CPU
		{0473D275-B154-4C82-B281-F95E4E0EFE29}.Debug|x86.ActiveCfg = Debug|Any CPU
		{0473D275-B154-4C82-B281-F95E4E0EFE29}.Debug|x86.Build.0 = Debug|Any CPU
		{0473D275-B154-4C82-B281-F95E4E0EFE29}.Release|Any CPU.ActiveCfg = Release|Any CPU
		{0473D275-B154-4C82-B281-F95E4E0EFE29}.Release|Any CPU.Build.0 = Release|Any CPU
		{0473D275-B154-4C82-B281-F95E4E0EFE29}.Release|x64.ActiveCfg = Release|Any CPU
		{0473D275-B154-4C82-B281-F95E4E0EFE29}.Release|x64.Build.0 = Release|Any CPU
		{0473D275-B154-4C82-B281-F95E4E0EFE29}.Release|x86.ActiveCfg = Release|Any CPU
		{0473D275-B154-4C82-B281-F95E4E0EFE29}.Release|x86.Build.0 = Release|Any CPU
	EndGlobalSection
	GlobalSection(NestedProjects) = preSolution
		{BA3642EF-D504-4798-A110-C82F7FB9C551} = {A9D049BE-042A-4A51-B11A-2E2A281FA344}
		{5A8CD275-A703-4163-BFC2-EEB9046D877C} = {BA3642EF-D504-4798-A110-C82F7FB9C551}
		{0473D275-B154-4C82-B281-F95E4E0EFE29} = {BA3642EF-D504-4798-A110-C82F7FB9C551}
	EndGlobalSection
EndGlobal
