
Microsoft Visual Studio Solution File, Format Version 12.00
# Visual Studio 15
VisualStudioVersion = 15.0.26124.0
MinimumVisualStudioVersion = 15.0.26124.0
Project("{2150E333-8FDC-42A3-9474-1A3956D46DE8}") = "01 - Testes de Unidade", "01 - Testes de Unidade", "{A9D049BE-042A-4A51-B11A-2E2A281FA344}"
EndProject
Project("{2150E333-8FDC-42A3-9474-1A3956D46DE8}") = "1.1 - Testes Basicos", "1.1 - Testes Basicos", "{BA3642EF-D504-4798-A110-C82F7FB9C551}"
EndProject
Project("{FAE04EC0-301F-11D3-BF4B-00C04F79EFBC}") = "Demo", "01 - Testes de Unidade\1.1 - Testes Basicos\Demo\Demo.csproj", "{5A8CD275-A703-4163-BFC2-EEB9046D877C}"
EndProject
Project("{FAE04EC0-301F-11D3-BF4B-00C04F79EFBC}") = "Demo.Tests", "01 - Testes de Unidade\1.1 - Testes Basicos\Demo.Tests\Demo.Tests.csproj", "{0473D275-B154-4C82-B281-F95E4E0EFE29}"
EndProject
Project("{2150E333-8FDC-42A3-9474-1A3956D46DE8}") = "2.2 - Features", "2.2 - Features", "{21201795-1B39-4F17-B3EB-BD414A48E64E}"
EndProject
Project("{FAE04EC0-301F-11D3-BF4B-00C04F79EFBC}") = "Features", "01 - Testes de Unidade\2.2 - Features\Features\Features.csproj", "{B0A6D3AA-62B2-4203-8848-8A61E605C89E}"
EndProject
Project("{FAE04EC0-301F-11D3-BF4B-00C04F79EFBC}") = "Features.Tests", "01 - Testes de Unidade\2.2 - Features\Features.Tests\Features.Tests.csproj", "{E68F645C-F81E-4897-9BB2-0820FD9F8565}"
EndProject
Project("{2150E333-8FDC-42A3-9474-1A3956D46DE8}") = "02 - TDD", "02 - TDD", "{44F56CA3-FCB1-426B-A4E6-50834B0A9B04}"
EndProject
Project("{2150E333-8FDC-42A3-9474-1A3956D46DE8}") = "src", "src", "{89634CDF-F6E5-46DD-A164-28AE7BCB0CB6}"
EndProject
Project("{FAE04EC0-301F-11D3-BF4B-00C04F79EFBC}") = "NerdStore.Core", "02 - TDD\src\NerdStore.Core\NerdStore.Core.csproj", "{C0265427-61AC-4D41-B997-307F3EE7863A}"
EndProject
Project("{FAE04EC0-301F-11D3-BF4B-00C04F79EFBC}") = "NerdStore.Vendas.Application", "02 - TDD\src\NerdStore.Vendas.Application\NerdStore.Vendas.Application.csproj", "{F8D7429B-6B5D-4BB3-A9D9-25CD3525DDB6}"
EndProject
Project("{FAE04EC0-301F-11D3-BF4B-00C04F79EFBC}") = "NerdStore.Vendas.Data", "02 - TDD\src\NerdStore.Vendas.Data\NerdStore.Vendas.Data.csproj", "{1A6DBEFB-7163-4346-8170-8E9E01DD6D8D}"
EndProject
Project("{FAE04EC0-301F-11D3-BF4B-00C04F79EFBC}") = "NerdStore.Vendas.Domain", "02 - TDD\src\NerdStore.Vendas.Domain\NerdStore.Vendas.Domain.csproj", "{E658D73D-9E84-4560-9009-D27C255F5604}"
EndProject
Project("{2150E333-8FDC-42A3-9474-1A3956D46DE8}") = "tests", "tests", "{895BF399-78DF-47C4-8389-1BC5AE4A9AB1}"
EndProject
Project("{FAE04EC0-301F-11D3-BF4B-00C04F79EFBC}") = "NerdStore.Vendas.Application.Tests", "02 - TDD\tests\NerdStore.Vendas.Application.Tests\NerdStore.Vendas.Application.Tests.csproj", "{BCCCFE63-C574-4637-8063-7BF992DC64D9}"
EndProject
Project("{FAE04EC0-301F-11D3-BF4B-00C04F79EFBC}") = "NerdStore.Vendas.Domain.Tests", "02 - TDD\tests\NerdStore.Vendas.Domain.Tests\NerdStore.Vendas.Domain.Tests.csproj", "{0CA1F53B-08C0-4437-ACA9-A62F33CEC728}"
EndProject
Project("{2150E333-8FDC-42A3-9474-1A3956D46DE8}") = "03 - Testes de Integracao", "03 - Testes de Integracao", "{3B2E91E7-66F5-41C4-B192-D2CB8140067C}"
EndProject
Project("{2150E333-8FDC-42A3-9474-1A3956D46DE8}") = "src", "src", "{67823414-FA78-4883-A771-1BBA2FF198D0}"
EndProject
Project("{FAE04EC0-301F-11D3-BF4B-00C04F79EFBC}") = "NerdStore.Catalogo.Application", "03 - Testes de Integracao\src\NerdStore.Catalogo.Application\NerdStore.Catalogo.Application.csproj", "{B343E5B7-E4AC-4CC7-BC27-3EFECA78BDF8}"
EndProject
Project("{FAE04EC0-301F-11D3-BF4B-00C04F79EFBC}") = "NerdStore.Catalogo.Data", "03 - Testes de Integracao\src\NerdStore.Catalogo.Data\NerdStore.Catalogo.Data.csproj", "{C35C663A-A30F-479C-9E43-877AD68C9B1F}"
EndProject
Project("{FAE04EC0-301F-11D3-BF4B-00C04F79EFBC}") = "NerdStore.Catalogo.Domain", "03 - Testes de Integracao\src\NerdStore.Catalogo.Domain\NerdStore.Catalogo.Domain.csproj", "{81B46F83-864A-47CF-B9AB-63B754D2B13F}"
EndProject
Project("{FAE04EC0-301F-11D3-BF4B-00C04F79EFBC}") = "NerdStore.WebApp.MVC", "03 - Testes de Integracao\src\NerdStore.WebApp.MVC\NerdStore.WebApp.MVC.csproj", "{1934D427-A0B1-4743-8ACD-9CBED396FAFC}"
EndProject
Project("{2150E333-8FDC-42A3-9474-1A3956D46DE8}") = "tests", "tests", "{536D01CC-0B3C-42E9-9880-65195A6753B3}"
EndProject
Project("{FAE04EC0-301F-11D3-BF4B-00C04F79EFBC}") = "NerdStore.WebApp.Tests", "03 - Testes de Integracao\tests\NerdStore.WebApp.Tests\NerdStore.WebApp.Tests.csproj", "{95751C4C-FCCB-4C94-9D1C-562541C62487}"
EndProject
Global
	GlobalSection(SolutionConfigurationPlatforms) = preSolution
		Debug|Any CPU = Debug|Any CPU
		Debug|x64 = Debug|x64
		Debug|x86 = Debug|x86
		Release|Any CPU = Release|Any CPU
		Release|x64 = Release|x64
		Release|x86 = Release|x86
	EndGlobalSection
	GlobalSection(SolutionProperties) = preSolution
		HideSolutionNode = FALSE
	EndGlobalSection
	GlobalSection(ProjectConfigurationPlatforms) = postSolution
		{5A8CD275-A703-4163-BFC2-EEB9046D877C}.Debug|Any CPU.ActiveCfg = Debug|Any CPU
		{5A8CD275-A703-4163-BFC2-EEB9046D877C}.Debug|Any CPU.Build.0 = Debug|Any CPU
		{5A8CD275-A703-4163-BFC2-EEB9046D877C}.Debug|x64.ActiveCfg = Debug|Any CPU
		{5A8CD275-A703-4163-BFC2-EEB9046D877C}.Debug|x64.Build.0 = Debug|Any CPU
		{5A8CD275-A703-4163-BFC2-EEB9046D877C}.Debug|x86.ActiveCfg = Debug|Any CPU
		{5A8CD275-A703-4163-BFC2-EEB9046D877C}.Debug|x86.Build.0 = Debug|Any CPU
		{5A8CD275-A703-4163-BFC2-EEB9046D877C}.Release|Any CPU.ActiveCfg = Release|Any CPU
		{5A8CD275-A703-4163-BFC2-EEB9046D877C}.Release|Any CPU.Build.0 = Release|Any CPU
		{5A8CD275-A703-4163-BFC2-EEB9046D877C}.Release|x64.ActiveCfg = Release|Any CPU
		{5A8CD275-A703-4163-BFC2-EEB9046D877C}.Release|x64.Build.0 = Release|Any CPU
		{5A8CD275-A703-4163-BFC2-EEB9046D877C}.Release|x86.ActiveCfg = Release|Any CPU
		{5A8CD275-A703-4163-BFC2-EEB9046D877C}.Release|x86.Build.0 = Release|Any CPU
		{0473D275-B154-4C82-B281-F95E4E0EFE29}.Debug|Any CPU.ActiveCfg = Debug|Any CPU
		{0473D275-B154-4C82-B281-F95E4E0EFE29}.Debug|Any CPU.Build.0 = Debug|Any CPU
		{0473D275-B154-4C82-B281-F95E4E0EFE29}.Debug|x64.ActiveCfg = Debug|Any CPU
		{0473D275-B154-4C82-B281-F95E4E0EFE29}.Debug|x64.Build.0 = Debug|Any CPU
		{0473D275-B154-4C82-B281-F95E4E0EFE29}.Debug|x86.ActiveCfg = Debug|Any CPU
		{0473D275-B154-4C82-B281-F95E4E0EFE29}.Debug|x86.Build.0 = Debug|Any CPU
		{0473D275-B154-4C82-B281-F95E4E0EFE29}.Release|Any CPU.ActiveCfg = Release|Any CPU
		{0473D275-B154-4C82-B281-F95E4E0EFE29}.Release|Any CPU.Build.0 = Release|Any CPU
		{0473D275-B154-4C82-B281-F95E4E0EFE29}.Release|x64.ActiveCfg = Release|Any CPU
		{0473D275-B154-4C82-B281-F95E4E0EFE29}.Release|x64.Build.0 = Release|Any CPU
		{0473D275-B154-4C82-B281-F95E4E0EFE29}.Release|x86.ActiveCfg = Release|Any CPU
		{0473D275-B154-4C82-B281-F95E4E0EFE29}.Release|x86.Build.0 = Release|Any CPU
		{B0A6D3AA-62B2-4203-8848-8A61E605C89E}.Debug|Any CPU.ActiveCfg = Debug|Any CPU
		{B0A6D3AA-62B2-4203-8848-8A61E605C89E}.Debug|Any CPU.Build.0 = Debug|Any CPU
		{B0A6D3AA-62B2-4203-8848-8A61E605C89E}.Debug|x64.ActiveCfg = Debug|Any CPU
		{B0A6D3AA-62B2-4203-8848-8A61E605C89E}.Debug|x64.Build.0 = Debug|Any CPU
		{B0A6D3AA-62B2-4203-8848-8A61E605C89E}.Debug|x86.ActiveCfg = Debug|Any CPU
		{B0A6D3AA-62B2-4203-8848-8A61E605C89E}.Debug|x86.Build.0 = Debug|Any CPU
		{B0A6D3AA-62B2-4203-8848-8A61E605C89E}.Release|Any CPU.ActiveCfg = Release|Any CPU
		{B0A6D3AA-62B2-4203-8848-8A61E605C89E}.Release|Any CPU.Build.0 = Release|Any CPU
		{B0A6D3AA-62B2-4203-8848-8A61E605C89E}.Release|x64.ActiveCfg = Release|Any CPU
		{B0A6D3AA-62B2-4203-8848-8A61E605C89E}.Release|x64.Build.0 = Release|Any CPU
		{B0A6D3AA-62B2-4203-8848-8A61E605C89E}.Release|x86.ActiveCfg = Release|Any CPU
		{B0A6D3AA-62B2-4203-8848-8A61E605C89E}.Release|x86.Build.0 = Release|Any CPU
		{E68F645C-F81E-4897-9BB2-0820FD9F8565}.Debug|Any CPU.ActiveCfg = Debug|Any CPU
		{E68F645C-F81E-4897-9BB2-0820FD9F8565}.Debug|Any CPU.Build.0 = Debug|Any CPU
		{E68F645C-F81E-4897-9BB2-0820FD9F8565}.Debug|x64.ActiveCfg = Debug|Any CPU
		{E68F645C-F81E-4897-9BB2-0820FD9F8565}.Debug|x64.Build.0 = Debug|Any CPU
		{E68F645C-F81E-4897-9BB2-0820FD9F8565}.Debug|x86.ActiveCfg = Debug|Any CPU
		{E68F645C-F81E-4897-9BB2-0820FD9F8565}.Debug|x86.Build.0 = Debug|Any CPU
		{E68F645C-F81E-4897-9BB2-0820FD9F8565}.Release|Any CPU.ActiveCfg = Release|Any CPU
		{E68F645C-F81E-4897-9BB2-0820FD9F8565}.Release|Any CPU.Build.0 = Release|Any CPU
		{E68F645C-F81E-4897-9BB2-0820FD9F8565}.Release|x64.ActiveCfg = Release|Any CPU
		{E68F645C-F81E-4897-9BB2-0820FD9F8565}.Release|x64.Build.0 = Release|Any CPU
		{E68F645C-F81E-4897-9BB2-0820FD9F8565}.Release|x86.ActiveCfg = Release|Any CPU
		{E68F645C-F81E-4897-9BB2-0820FD9F8565}.Release|x86.Build.0 = Release|Any CPU
		{C0265427-61AC-4D41-B997-307F3EE7863A}.Debug|Any CPU.ActiveCfg = Debug|Any CPU
		{C0265427-61AC-4D41-B997-307F3EE7863A}.Debug|Any CPU.Build.0 = Debug|Any CPU
		{C0265427-61AC-4D41-B997-307F3EE7863A}.Debug|x64.ActiveCfg = Debug|Any CPU
		{C0265427-61AC-4D41-B997-307F3EE7863A}.Debug|x64.Build.0 = Debug|Any CPU
		{C0265427-61AC-4D41-B997-307F3EE7863A}.Debug|x86.ActiveCfg = Debug|Any CPU
		{C0265427-61AC-4D41-B997-307F3EE7863A}.Debug|x86.Build.0 = Debug|Any CPU
		{C0265427-61AC-4D41-B997-307F3EE7863A}.Release|Any CPU.ActiveCfg = Release|Any CPU
		{C0265427-61AC-4D41-B997-307F3EE7863A}.Release|Any CPU.Build.0 = Release|Any CPU
		{C0265427-61AC-4D41-B997-307F3EE7863A}.Release|x64.ActiveCfg = Release|Any CPU
		{C0265427-61AC-4D41-B997-307F3EE7863A}.Release|x64.Build.0 = Release|Any CPU
		{C0265427-61AC-4D41-B997-307F3EE7863A}.Release|x86.ActiveCfg = Release|Any CPU
		{C0265427-61AC-4D41-B997-307F3EE7863A}.Release|x86.Build.0 = Release|Any CPU
		{F8D7429B-6B5D-4BB3-A9D9-25CD3525DDB6}.Debug|Any CPU.ActiveCfg = Debug|Any CPU
		{F8D7429B-6B5D-4BB3-A9D9-25CD3525DDB6}.Debug|Any CPU.Build.0 = Debug|Any CPU
		{F8D7429B-6B5D-4BB3-A9D9-25CD3525DDB6}.Debug|x64.ActiveCfg = Debug|Any CPU
		{F8D7429B-6B5D-4BB3-A9D9-25CD3525DDB6}.Debug|x64.Build.0 = Debug|Any CPU
		{F8D7429B-6B5D-4BB3-A9D9-25CD3525DDB6}.Debug|x86.ActiveCfg = Debug|Any CPU
		{F8D7429B-6B5D-4BB3-A9D9-25CD3525DDB6}.Debug|x86.Build.0 = Debug|Any CPU
		{F8D7429B-6B5D-4BB3-A9D9-25CD3525DDB6}.Release|Any CPU.ActiveCfg = Release|Any CPU
		{F8D7429B-6B5D-4BB3-A9D9-25CD3525DDB6}.Release|Any CPU.Build.0 = Release|Any CPU
		{F8D7429B-6B5D-4BB3-A9D9-25CD3525DDB6}.Release|x64.ActiveCfg = Release|Any CPU
		{F8D7429B-6B5D-4BB3-A9D9-25CD3525DDB6}.Release|x64.Build.0 = Release|Any CPU
		{F8D7429B-6B5D-4BB3-A9D9-25CD3525DDB6}.Release|x86.ActiveCfg = Release|Any CPU
		{F8D7429B-6B5D-4BB3-A9D9-25CD3525DDB6}.Release|x86.Build.0 = Release|Any CPU
		{1A6DBEFB-7163-4346-8170-8E9E01DD6D8D}.Debug|Any CPU.ActiveCfg = Debug|Any CPU
		{1A6DBEFB-7163-4346-8170-8E9E01DD6D8D}.Debug|Any CPU.Build.0 = Debug|Any CPU
		{1A6DBEFB-7163-4346-8170-8E9E01DD6D8D}.Debug|x64.ActiveCfg = Debug|Any CPU
		{1A6DBEFB-7163-4346-8170-8E9E01DD6D8D}.Debug|x64.Build.0 = Debug|Any CPU
		{1A6DBEFB-7163-4346-8170-8E9E01DD6D8D}.Debug|x86.ActiveCfg = Debug|Any CPU
		{1A6DBEFB-7163-4346-8170-8E9E01DD6D8D}.Debug|x86.Build.0 = Debug|Any CPU
		{1A6DBEFB-7163-4346-8170-8E9E01DD6D8D}.Release|Any CPU.ActiveCfg = Release|Any CPU
		{1A6DBEFB-7163-4346-8170-8E9E01DD6D8D}.Release|Any CPU.Build.0 = Release|Any CPU
		{1A6DBEFB-7163-4346-8170-8E9E01DD6D8D}.Release|x64.ActiveCfg = Release|Any CPU
		{1A6DBEFB-7163-4346-8170-8E9E01DD6D8D}.Release|x64.Build.0 = Release|Any CPU
		{1A6DBEFB-7163-4346-8170-8E9E01DD6D8D}.Release|x86.ActiveCfg = Release|Any CPU
		{1A6DBEFB-7163-4346-8170-8E9E01DD6D8D}.Release|x86.Build.0 = Release|Any CPU
		{E658D73D-9E84-4560-9009-D27C255F5604}.Debug|Any CPU.ActiveCfg = Debug|Any CPU
		{E658D73D-9E84-4560-9009-D27C255F5604}.Debug|Any CPU.Build.0 = Debug|Any CPU
		{E658D73D-9E84-4560-9009-D27C255F5604}.Debug|x64.ActiveCfg = Debug|Any CPU
		{E658D73D-9E84-4560-9009-D27C255F5604}.Debug|x64.Build.0 = Debug|Any CPU
		{E658D73D-9E84-4560-9009-D27C255F5604}.Debug|x86.ActiveCfg = Debug|Any CPU
		{E658D73D-9E84-4560-9009-D27C255F5604}.Debug|x86.Build.0 = Debug|Any CPU
		{E658D73D-9E84-4560-9009-D27C255F5604}.Release|Any CPU.ActiveCfg = Release|Any CPU
		{E658D73D-9E84-4560-9009-D27C255F5604}.Release|Any CPU.Build.0 = Release|Any CPU
		{E658D73D-9E84-4560-9009-D27C255F5604}.Release|x64.ActiveCfg = Release|Any CPU
		{E658D73D-9E84-4560-9009-D27C255F5604}.Release|x64.Build.0 = Release|Any CPU
		{E658D73D-9E84-4560-9009-D27C255F5604}.Release|x86.ActiveCfg = Release|Any CPU
		{E658D73D-9E84-4560-9009-D27C255F5604}.Release|x86.Build.0 = Release|Any CPU
		{BCCCFE63-C574-4637-8063-7BF992DC64D9}.Debug|Any CPU.ActiveCfg = Debug|Any CPU
		{BCCCFE63-C574-4637-8063-7BF992DC64D9}.Debug|Any CPU.Build.0 = Debug|Any CPU
		{BCCCFE63-C574-4637-8063-7BF992DC64D9}.Debug|x64.ActiveCfg = Debug|Any CPU
		{BCCCFE63-C574-4637-8063-7BF992DC64D9}.Debug|x64.Build.0 = Debug|Any CPU
		{BCCCFE63-C574-4637-8063-7BF992DC64D9}.Debug|x86.ActiveCfg = Debug|Any CPU
		{BCCCFE63-C574-4637-8063-7BF992DC64D9}.Debug|x86.Build.0 = Debug|Any CPU
		{BCCCFE63-C574-4637-8063-7BF992DC64D9}.Release|Any CPU.ActiveCfg = Release|Any CPU
		{BCCCFE63-C574-4637-8063-7BF992DC64D9}.Release|Any CPU.Build.0 = Release|Any CPU
		{BCCCFE63-C574-4637-8063-7BF992DC64D9}.Release|x64.ActiveCfg = Release|Any CPU
		{BCCCFE63-C574-4637-8063-7BF992DC64D9}.Release|x64.Build.0 = Release|Any CPU
		{BCCCFE63-C574-4637-8063-7BF992DC64D9}.Release|x86.ActiveCfg = Release|Any CPU
		{BCCCFE63-C574-4637-8063-7BF992DC64D9}.Release|x86.Build.0 = Release|Any CPU
		{0CA1F53B-08C0-4437-ACA9-A62F33CEC728}.Debug|Any CPU.ActiveCfg = Debug|Any CPU
		{0CA1F53B-08C0-4437-ACA9-A62F33CEC728}.Debug|Any CPU.Build.0 = Debug|Any CPU
		{0CA1F53B-08C0-4437-ACA9-A62F33CEC728}.Debug|x64.ActiveCfg = Debug|Any CPU
		{0CA1F53B-08C0-4437-ACA9-A62F33CEC728}.Debug|x64.Build.0 = Debug|Any CPU
		{0CA1F53B-08C0-4437-ACA9-A62F33CEC728}.Debug|x86.ActiveCfg = Debug|Any CPU
		{0CA1F53B-08C0-4437-ACA9-A62F33CEC728}.Debug|x86.Build.0 = Debug|Any CPU
		{0CA1F53B-08C0-4437-ACA9-A62F33CEC728}.Release|Any CPU.ActiveCfg = Release|Any CPU
		{0CA1F53B-08C0-4437-ACA9-A62F33CEC728}.Release|Any CPU.Build.0 = Release|Any CPU
		{0CA1F53B-08C0-4437-ACA9-A62F33CEC728}.Release|x64.ActiveCfg = Release|Any CPU
		{0CA1F53B-08C0-4437-ACA9-A62F33CEC728}.Release|x64.Build.0 = Release|Any CPU
		{0CA1F53B-08C0-4437-ACA9-A62F33CEC728}.Release|x86.ActiveCfg = Release|Any CPU
		{0CA1F53B-08C0-4437-ACA9-A62F33CEC728}.Release|x86.Build.0 = Release|Any CPU
		{B343E5B7-E4AC-4CC7-BC27-3EFECA78BDF8}.Debug|Any CPU.ActiveCfg = Debug|Any CPU
		{B343E5B7-E4AC-4CC7-BC27-3EFECA78BDF8}.Debug|Any CPU.Build.0 = Debug|Any CPU
		{B343E5B7-E4AC-4CC7-BC27-3EFECA78BDF8}.Debug|x64.ActiveCfg = Debug|Any CPU
		{B343E5B7-E4AC-4CC7-BC27-3EFECA78BDF8}.Debug|x64.Build.0 = Debug|Any CPU
		{B343E5B7-E4AC-4CC7-BC27-3EFECA78BDF8}.Debug|x86.ActiveCfg = Debug|Any CPU
		{B343E5B7-E4AC-4CC7-BC27-3EFECA78BDF8}.Debug|x86.Build.0 = Debug|Any CPU
		{B343E5B7-E4AC-4CC7-BC27-3EFECA78BDF8}.Release|Any CPU.ActiveCfg = Release|Any CPU
		{B343E5B7-E4AC-4CC7-BC27-3EFECA78BDF8}.Release|Any CPU.Build.0 = Release|Any CPU
		{B343E5B7-E4AC-4CC7-BC27-3EFECA78BDF8}.Release|x64.ActiveCfg = Release|Any CPU
		{B343E5B7-E4AC-4CC7-BC27-3EFECA78BDF8}.Release|x64.Build.0 = Release|Any CPU
		{B343E5B7-E4AC-4CC7-BC27-3EFECA78BDF8}.Release|x86.ActiveCfg = Release|Any CPU
		{B343E5B7-E4AC-4CC7-BC27-3EFECA78BDF8}.Release|x86.Build.0 = Release|Any CPU
		{C35C663A-A30F-479C-9E43-877AD68C9B1F}.Debug|Any CPU.ActiveCfg = Debug|Any CPU
		{C35C663A-A30F-479C-9E43-877AD68C9B1F}.Debug|Any CPU.Build.0 = Debug|Any CPU
		{C35C663A-A30F-479C-9E43-877AD68C9B1F}.Debug|x64.ActiveCfg = Debug|Any CPU
		{C35C663A-A30F-479C-9E43-877AD68C9B1F}.Debug|x64.Build.0 = Debug|Any CPU
		{C35C663A-A30F-479C-9E43-877AD68C9B1F}.Debug|x86.ActiveCfg = Debug|Any CPU
		{C35C663A-A30F-479C-9E43-877AD68C9B1F}.Debug|x86.Build.0 = Debug|Any CPU
		{C35C663A-A30F-479C-9E43-877AD68C9B1F}.Release|Any CPU.ActiveCfg = Release|Any CPU
		{C35C663A-A30F-479C-9E43-877AD68C9B1F}.Release|Any CPU.Build.0 = Release|Any CPU
		{C35C663A-A30F-479C-9E43-877AD68C9B1F}.Release|x64.ActiveCfg = Release|Any CPU
		{C35C663A-A30F-479C-9E43-877AD68C9B1F}.Release|x64.Build.0 = Release|Any CPU
		{C35C663A-A30F-479C-9E43-877AD68C9B1F}.Release|x86.ActiveCfg = Release|Any CPU
		{C35C663A-A30F-479C-9E43-877AD68C9B1F}.Release|x86.Build.0 = Release|Any CPU
		{81B46F83-864A-47CF-B9AB-63B754D2B13F}.Debug|Any CPU.ActiveCfg = Debug|Any CPU
		{81B46F83-864A-47CF-B9AB-63B754D2B13F}.Debug|Any CPU.Build.0 = Debug|Any CPU
		{81B46F83-864A-47CF-B9AB-63B754D2B13F}.Debug|x64.ActiveCfg = Debug|Any CPU
		{81B46F83-864A-47CF-B9AB-63B754D2B13F}.Debug|x64.Build.0 = Debug|Any CPU
		{81B46F83-864A-47CF-B9AB-63B754D2B13F}.Debug|x86.ActiveCfg = Debug|Any CPU
		{81B46F83-864A-47CF-B9AB-63B754D2B13F}.Debug|x86.Build.0 = Debug|Any CPU
		{81B46F83-864A-47CF-B9AB-63B754D2B13F}.Release|Any CPU.ActiveCfg = Release|Any CPU
		{81B46F83-864A-47CF-B9AB-63B754D2B13F}.Release|Any CPU.Build.0 = Release|Any CPU
		{81B46F83-864A-47CF-B9AB-63B754D2B13F}.Release|x64.ActiveCfg = Release|Any CPU
		{81B46F83-864A-47CF-B9AB-63B754D2B13F}.Release|x64.Build.0 = Release|Any CPU
		{81B46F83-864A-47CF-B9AB-63B754D2B13F}.Release|x86.ActiveCfg = Release|Any CPU
		{81B46F83-864A-47CF-B9AB-63B754D2B13F}.Release|x86.Build.0 = Release|Any CPU
		{1934D427-A0B1-4743-8ACD-9CBED396FAFC}.Debug|Any CPU.ActiveCfg = Debug|Any CPU
		{1934D427-A0B1-4743-8ACD-9CBED396FAFC}.Debug|Any CPU.Build.0 = Debug|Any CPU
		{1934D427-A0B1-4743-8ACD-9CBED396FAFC}.Debug|x64.ActiveCfg = Debug|Any CPU
		{1934D427-A0B1-4743-8ACD-9CBED396FAFC}.Debug|x64.Build.0 = Debug|Any CPU
		{1934D427-A0B1-4743-8ACD-9CBED396FAFC}.Debug|x86.ActiveCfg = Debug|Any CPU
		{1934D427-A0B1-4743-8ACD-9CBED396FAFC}.Debug|x86.Build.0 = Debug|Any CPU
		{1934D427-A0B1-4743-8ACD-9CBED396FAFC}.Release|Any CPU.ActiveCfg = Release|Any CPU
		{1934D427-A0B1-4743-8ACD-9CBED396FAFC}.Release|Any CPU.Build.0 = Release|Any CPU
		{1934D427-A0B1-4743-8ACD-9CBED396FAFC}.Release|x64.ActiveCfg = Release|Any CPU
		{1934D427-A0B1-4743-8ACD-9CBED396FAFC}.Release|x64.Build.0 = Release|Any CPU
		{1934D427-A0B1-4743-8ACD-9CBED396FAFC}.Release|x86.ActiveCfg = Release|Any CPU
		{1934D427-A0B1-4743-8ACD-9CBED396FAFC}.Release|x86.Build.0 = Release|Any CPU
		{95751C4C-FCCB-4C94-9D1C-562541C62487}.Debug|Any CPU.ActiveCfg = Debug|Any CPU
		{95751C4C-FCCB-4C94-9D1C-562541C62487}.Debug|Any CPU.Build.0 = Debug|Any CPU
		{95751C4C-FCCB-4C94-9D1C-562541C62487}.Debug|x64.ActiveCfg = Debug|Any CPU
		{95751C4C-FCCB-4C94-9D1C-562541C62487}.Debug|x64.Build.0 = Debug|Any CPU
		{95751C4C-FCCB-4C94-9D1C-562541C62487}.Debug|x86.ActiveCfg = Debug|Any CPU
		{95751C4C-FCCB-4C94-9D1C-562541C62487}.Debug|x86.Build.0 = Debug|Any CPU
		{95751C4C-FCCB-4C94-9D1C-562541C62487}.Release|Any CPU.ActiveCfg = Release|Any CPU
		{95751C4C-FCCB-4C94-9D1C-562541C62487}.Release|Any CPU.Build.0 = Release|Any CPU
		{95751C4C-FCCB-4C94-9D1C-562541C62487}.Release|x64.ActiveCfg = Release|Any CPU
		{95751C4C-FCCB-4C94-9D1C-562541C62487}.Release|x64.Build.0 = Release|Any CPU
		{95751C4C-FCCB-4C94-9D1C-562541C62487}.Release|x86.ActiveCfg = Release|Any CPU
		{95751C4C-FCCB-4C94-9D1C-562541C62487}.Release|x86.Build.0 = Release|Any CPU
	EndGlobalSection
	GlobalSection(NestedProjects) = preSolution
		{BA3642EF-D504-4798-A110-C82F7FB9C551} = {A9D049BE-042A-4A51-B11A-2E2A281FA344}
		{5A8CD275-A703-4163-BFC2-EEB9046D877C} = {BA3642EF-D504-4798-A110-C82F7FB9C551}
		{0473D275-B154-4C82-B281-F95E4E0EFE29} = {BA3642EF-D504-4798-A110-C82F7FB9C551}
		{21201795-1B39-4F17-B3EB-BD414A48E64E} = {A9D049BE-042A-4A51-B11A-2E2A281FA344}
		{B0A6D3AA-62B2-4203-8848-8A61E605C89E} = {21201795-1B39-4F17-B3EB-BD414A48E64E}
		{E68F645C-F81E-4897-9BB2-0820FD9F8565} = {21201795-1B39-4F17-B3EB-BD414A48E64E}
		{89634CDF-F6E5-46DD-A164-28AE7BCB0CB6} = {44F56CA3-FCB1-426B-A4E6-50834B0A9B04}
		{C0265427-61AC-4D41-B997-307F3EE7863A} = {89634CDF-F6E5-46DD-A164-28AE7BCB0CB6}
		{F8D7429B-6B5D-4BB3-A9D9-25CD3525DDB6} = {89634CDF-F6E5-46DD-A164-28AE7BCB0CB6}
		{1A6DBEFB-7163-4346-8170-8E9E01DD6D8D} = {89634CDF-F6E5-46DD-A164-28AE7BCB0CB6}
		{E658D73D-9E84-4560-9009-D27C255F5604} = {89634CDF-F6E5-46DD-A164-28AE7BCB0CB6}
		{895BF399-78DF-47C4-8389-1BC5AE4A9AB1} = {44F56CA3-FCB1-426B-A4E6-50834B0A9B04}
		{BCCCFE63-C574-4637-8063-7BF992DC64D9} = {895BF399-78DF-47C4-8389-1BC5AE4A9AB1}
		{0CA1F53B-08C0-4437-ACA9-A62F33CEC728} = {895BF399-78DF-47C4-8389-1BC5AE4A9AB1}
		{67823414-FA78-4883-A771-1BBA2FF198D0} = {3B2E91E7-66F5-41C4-B192-D2CB8140067C}
		{B343E5B7-E4AC-4CC7-BC27-3EFECA78BDF8} = {67823414-FA78-4883-A771-1BBA2FF198D0}
		{C35C663A-A30F-479C-9E43-877AD68C9B1F} = {67823414-FA78-4883-A771-1BBA2FF198D0}
		{81B46F83-864A-47CF-B9AB-63B754D2B13F} = {67823414-FA78-4883-A771-1BBA2FF198D0}
		{1934D427-A0B1-4743-8ACD-9CBED396FAFC} = {67823414-FA78-4883-A771-1BBA2FF198D0}
		{536D01CC-0B3C-42E9-9880-65195A6753B3} = {3B2E91E7-66F5-41C4-B192-D2CB8140067C}
		{95751C4C-FCCB-4C94-9D1C-562541C62487} = {536D01CC-0B3C-42E9-9880-65195A6753B3}
	EndGlobalSection
EndGlobal
